
Microsoft Visual Studio Solution File, Format Version 12.00
# Visual Studio Version 17
VisualStudioVersion = 17.3.32929.385
MinimumVisualStudioVersion = 10.0.40219.1
Project("{FAE04EC0-301F-11D3-BF4B-00C04F79EFBC}") = "FishFinder", "FishFinder\FishFinder.csproj", "{CE641F00-3986-4995-A1A1-0456C660CC6C}"
EndProject
Global
	GlobalSection(SolutionConfigurationPlatforms) = preSolution
		Debug|Any CPU = Debug|Any CPU
		Release|Any CPU = Release|Any CPU
	EndGlobalSection
	GlobalSection(ProjectConfigurationPlatforms) = postSolution
		{CE641F00-3986-4995-A1A1-0456C660CC6C}.Debug|Any CPU.ActiveCfg = Debug|Any CPU
		{CE641F00-3986-4995-A1A1-0456C660CC6C}.Debug|Any CPU.Build.0 = Debug|Any CPU
		{CE641F00-3986-4995-A1A1-0456C660CC6C}.Release|Any CPU.ActiveCfg = Release|Any CPU
		{CE641F00-3986-4995-A1A1-0456C660CC6C}.Release|Any CPU.Build.0 = Release|Any CPU
	EndGlobalSection
	GlobalSection(SolutionProperties) = preSolution
		HideSolutionNode = FALSE
	EndGlobalSection
	GlobalSection(ExtensibilityGlobals) = postSolution
		SolutionGuid = {B65FDF8A-30E2-4CD4-9549-198B5C7D3641}
	EndGlobalSection
EndGlobal
